
Microsoft Visual Studio Solution File, Format Version 12.00
# Visual Studio Version 16
VisualStudioVersion = 16.0.31129.286
MinimumVisualStudioVersion = 10.0.40219.1
Project("{9A19103F-16F7-4668-BE54-9A1E7A4F7556}") = "CandidateTesting.ElderLima", "NewCdn\CandidateTesting.ElderLima.csproj", "{FFAC50E4-CE9B-4CA8-A936-5B1AE1875F70}"
EndProject
Project("{9A19103F-16F7-4668-BE54-9A1E7A4F7556}") = "CandidateTesting.ElderLima.Tests", "NewCdnTest\CandidateTesting.ElderLima.Tests.csproj", "{BA88BAD2-167F-4A52-92C2-8EFD9AEC486E}"
EndProject
Global
	GlobalSection(SolutionConfigurationPlatforms) = preSolution
		Debug|Any CPU = Debug|Any CPU
		Release|Any CPU = Release|Any CPU
	EndGlobalSection
	GlobalSection(ProjectConfigurationPlatforms) = postSolution
		{FFAC50E4-CE9B-4CA8-A936-5B1AE1875F70}.Debug|Any CPU.ActiveCfg = Debug|Any CPU
		{FFAC50E4-CE9B-4CA8-A936-5B1AE1875F70}.Debug|Any CPU.Build.0 = Debug|Any CPU
		{FFAC50E4-CE9B-4CA8-A936-5B1AE1875F70}.Release|Any CPU.ActiveCfg = Release|Any CPU
		{FFAC50E4-CE9B-4CA8-A936-5B1AE1875F70}.Release|Any CPU.Build.0 = Release|Any CPU
		{BA88BAD2-167F-4A52-92C2-8EFD9AEC486E}.Debug|Any CPU.ActiveCfg = Debug|Any CPU
		{BA88BAD2-167F-4A52-92C2-8EFD9AEC486E}.Debug|Any CPU.Build.0 = Debug|Any CPU
		{BA88BAD2-167F-4A52-92C2-8EFD9AEC486E}.Release|Any CPU.ActiveCfg = Release|Any CPU
		{BA88BAD2-167F-4A52-92C2-8EFD9AEC486E}.Release|Any CPU.Build.0 = Release|Any CPU
	EndGlobalSection
	GlobalSection(SolutionProperties) = preSolution
		HideSolutionNode = FALSE
	EndGlobalSection
	GlobalSection(ExtensibilityGlobals) = postSolution
		SolutionGuid = {8A7EDBC0-1AE7-499A-97DE-CF70330CBD6C}
	EndGlobalSection
EndGlobal
